{
  "version": 4,
  "terraform_version": "0.12.3",
  "serial": 11,
  "lineage": "55678ef9-a68b-885b-70fb-5cfcc81f0c28",
  "outputs": {},
  "resources": [
    {
      "mode": "managed",
      "type": "azurerm_network_interface",
      "name": "user08-myterraformnic",
      "provider": "provider.azurerm",
      "instances": [
        {
          "schema_version": 0,
          "attributes": {
            "applied_dns_servers": [],
            "dns_servers": [],
            "enable_accelerated_networking": false,
            "enable_ip_forwarding": false,
            "id": "/subscriptions/e0fae348-f6c2-45f5-87b7-c41c22782d8f/resourceGroups/user08-terraformrg-final/providers/Microsoft.Network/networkInterfaces/user08-myNIC",
            "internal_dns_name_label": "",
            "internal_fqdn": "",
            "ip_configuration": [
              {
                "application_gateway_backend_address_pools_ids": [],
                "application_security_group_ids": [],
                "load_balancer_backend_address_pools_ids": [],
                "load_balancer_inbound_nat_rules_ids": [],
                "name": "user08-myNicConfiguration",
                "primary": true,
                "private_ip_address": "",
                "private_ip_address_allocation": "dynamic",
                "private_ip_address_version": "IPv4",
                "public_ip_address_id": "/subscriptions/e0fae348-f6c2-45f5-87b7-c41c22782d8f/resourceGroups/user08-terraformrg-final/providers/Microsoft.Network/publicIPAddresses/user08-myPublicIP",
                "subnet_id": "/subscriptions/e0fae348-f6c2-45f5-87b7-c41c22782d8f/resourceGroups/user08-terraformrg-final/providers/Microsoft.Network/virtualNetworks/user08-myVnet/subnets/user08-mySubnet"
              }
            ],
            "location": "koreasouth",
            "mac_address": "",
            "name": "user08-myNIC",
            "network_security_group_id": "/subscriptions/e0fae348-f6c2-45f5-87b7-c41c22782d8f/resourceGroups/user08-terraformrg-final/providers/Microsoft.Network/networkSecurityGroups/user08-myNetworkSecurityGroup",
            "private_ip_address": "8.0.1.4",
            "private_ip_addresses": [
              "8.0.1.4"
            ],
            "resource_group_name": "user08-terraformrg-final",
            "tags": {
              "environment": "User08-NIC-ap"
            },
            "virtual_machine_id": null
          },
          "private": "bnVsbA==",
          "depends_on": [
            "azurerm_network_security_group.user08-myterraformnsg",
            "azurerm_public_ip.user08-myterraformpublicip",
            "azurerm_resource_group.user08-terraformrg-final",
            "azurerm_subnet.user08-myterraformsubnet"
          ]
        }
      ]
    },
    {
      "mode": "managed",
      "type": "azurerm_network_security_group",
      "name": "user08-myterraformnsg",
      "provider": "provider.azurerm",
      "instances": [
        {
          "schema_version": 0,
          "attributes": {
            "id": "/subscriptions/e0fae348-f6c2-45f5-87b7-c41c22782d8f/resourceGroups/user08-terraformrg-final/providers/Microsoft.Network/networkSecurityGroups/user08-myNetworkSecurityGroup",
            "location": "koreasouth",
            "name": "user08-myNetworkSecurityGroup",
            "resource_group_name": "user08-terraformrg-final",
            "security_rule": [
              {
                "access": "Allow",
                "description": "",
                "destination_address_prefix": "*",
                "destination_address_prefixes": [],
                "destination_application_security_group_ids": [],
                "destination_port_range": "22",
                "destination_port_ranges": [],
                "direction": "Inbound",
                "name": "SSH",
                "priority": 1001,
                "protocol": "Tcp",
                "source_address_prefix": "*",
                "source_address_prefixes": [],
                "source_application_security_group_ids": [],
                "source_port_range": "*",
                "source_port_ranges": []
              },
              {
                "access": "Allow",
                "description": "",
                "destination_address_prefix": "*",
                "destination_address_prefixes": [],
                "destination_application_security_group_ids": [],
                "destination_port_range": "80",
                "destination_port_ranges": [],
                "direction": "Inbound",
                "name": "HTTP",
                "priority": 2001,
                "protocol": "Tcp",
                "source_address_prefix": "*",
                "source_address_prefixes": [],
                "source_application_security_group_ids": [],
                "source_port_range": "*",
                "source_port_ranges": []
              }
            ],
            "tags": {
              "environment": "User08-SecurityGroup"
            }
          },
          "depends_on": [
            "azurerm_resource_group.user08-terraformrg-final"
          ]
        }
      ]
    },
    {
      "mode": "managed",
      "type": "azurerm_public_ip",
      "name": "user08-myterraformpublicip",
      "provider": "provider.azurerm",
      "instances": [
        {
          "schema_version": 0,
          "attributes": {
            "allocation_method": "Dynamic",
            "domain_name_label": null,
            "fqdn": null,
            "id": "/subscriptions/e0fae348-f6c2-45f5-87b7-c41c22782d8f/resourceGroups/user08-terraformrg-final/providers/Microsoft.Network/publicIPAddresses/user08-myPublicIP",
            "idle_timeout_in_minutes": 4,
            "ip_address": "",
            "ip_version": "IPv4",
            "location": "koreasouth",
            "name": "user08-myPublicIP",
            "public_ip_address_allocation": "Dynamic",
            "public_ip_prefix_id": null,
            "resource_group_name": "user08-terraformrg-final",
            "reverse_fqdn": null,
            "sku": "Basic",
            "tags": {
              "environment": "User08-PublicIP"
            },
            "zones": []
          },
          "depends_on": [
            "azurerm_resource_group.user08-terraformrg-final"
          ]
        }
      ]
    },
    {
      "mode": "managed",
      "type": "azurerm_resource_group",
      "name": "user08-terraformrg-final",
      "provider": "provider.azurerm",
      "instances": [
        {
          "schema_version": 0,
          "attributes": {
            "id": "/subscriptions/e0fae348-f6c2-45f5-87b7-c41c22782d8f/resourceGroups/user08-terraformrg-final",
            "location": "koreasouth",
            "name": "user08-terraformrg-final",
            "tags": {
              "environment": "user08-Terraform Demo"
            }
          }
        }
      ]
    },
    {
      "mode": "managed",
      "type": "azurerm_subnet",
      "name": "user08-myterraformsubnet",
      "provider": "provider.azurerm",
      "instances": [
        {
          "schema_version": 0,
          "attributes": {
            "address_prefix": "8.0.1.0/24",
            "delegation": [],
            "id": "/subscriptions/e0fae348-f6c2-45f5-87b7-c41c22782d8f/resourceGroups/user08-terraformrg-final/providers/Microsoft.Network/virtualNetworks/user08-myVnet/subnets/user08-mySubnet",
            "ip_configurations": [],
            "name": "user08-mySubnet",
            "network_security_group_id": "",
            "resource_group_name": "user08-terraformrg-final",
            "route_table_id": "",
            "service_endpoints": [],
            "virtual_network_name": "user08-myVnet"
          },
          "depends_on": [
            "azurerm_resource_group.user08-terraformrg-final",
            "azurerm_virtual_network.user08-myterraformnetwork"
          ]
        }
      ]
    },
    {
      "mode": "managed",
      "type": "azurerm_virtual_network",
      "name": "user08-myterraformnetwork",
      "provider": "provider.azurerm",
      "instances": [
        {
          "schema_version": 0,
          "attributes": {
            "address_space": [
              "8.0.0.0/16"
            ],
            "ddos_protection_plan": [],
            "dns_servers": [],
            "id": "/subscriptions/e0fae348-f6c2-45f5-87b7-c41c22782d8f/resourceGroups/user08-terraformrg-final/providers/Microsoft.Network/virtualNetworks/user08-myVnet",
            "location": "koreasouth",
            "name": "user08-myVnet",
            "resource_group_name": "user08-terraformrg-final",
            "subnet": [
              {
                "address_prefix": "8.0.1.0/24",
                "id": "/subscriptions/e0fae348-f6c2-45f5-87b7-c41c22782d8f/resourceGroups/user08-terraformrg-final/providers/Microsoft.Network/virtualNetworks/user08-myVnet/subnets/user08-mySubnet",
                "name": "user08-mySubnet",
                "security_group": ""
              }
            ],
            "tags": {
              "environment": "User08-Vnet"
            }
          },
          "depends_on": [
            "azurerm_resource_group.user08-terraformrg-final"
          ]
        }
      ]
    }
  ]
}
